// !$*UTF8*$!
{
	archiveVersion = 1;
	classes = {
	};
	objectVersion = 56;
	objects = {

/* Begin PBXBuildFile section */
		A1000001 /* FinansApp.swift in Sources */ = {isa = PBXBuildFile; fileRef = A2000001 /* FinansApp.swift */; };
		A1000002 /* ContentView.swift in Sources */ = {isa = PBXBuildFile; fileRef = A2000002 /* ContentView.swift */; };
		A1000003 /* TransactionModels.swift in Sources */ = {isa = PBXBuildFile; fileRef = A2000003 /* TransactionModels.swift */; };
		A1000004 /* DataManager.swift in Sources */ = {isa = PBXBuildFile; fileRef = A2000004 /* DataManager.swift */; };
		A1000005 /* BudgetView.swift in Sources */ = {isa = PBXBuildFile; fileRef = A2000005 /* BudgetView.swift */; };
		A1000006 /* AddIncomeView.swift in Sources */ = {isa = PBXBuildFile; fileRef = A2000006 /* AddIncomeView.swift */; };
		A1000007 /* AddExpenseView.swift in Sources */ = {isa = PBXBuildFile; fileRef = A2000007 /* AddExpenseView.swift */; };
		A1000008 /* Assets.xcassets in Resources */ = {isa = PBXBuildFile; fileRef = A2000008 /* Assets.xcassets */; };
		A1000009 /* AssetModels.swift in Sources */ = {isa = PBXBuildFile; fileRef = A2000009 /* AssetModels.swift */; };
		A1000010 /* PortfolioView.swift in Sources */ = {isa = PBXBuildFile; fileRef = A2000010 /* PortfolioView.swift */; };
		A1000011 /* AddAssetView.swift in Sources */ = {isa = PBXBuildFile; fileRef = A2000011 /* AddAssetView.swift */; };
		A1000012 /* EditAssetView.swift in Sources */ = {isa = PBXBuildFile; fileRef = A2000012 /* EditAssetView.swift */; };
		A1000013 /* BrutNetModels.swift in Sources */ = {isa = PBXBuildFile; fileRef = A2000013 /* BrutNetModels.swift */; };
		A1000014 /* BrutNetCalculator.swift in Sources */ = {isa = PBXBuildFile; fileRef = A2000014 /* BrutNetCalculator.swift */; };
		A1000015 /* BrutNetView.swift in Sources */ = {isa = PBXBuildFile; fileRef = A2000015 /* BrutNetView.swift */; };
		A1000016 /* KrediCalculator.swift in Sources */ = {isa = PBXBuildFile; fileRef = A2000016 /* KrediCalculator.swift */; };
		A1000017 /* KrediHesaplamaView.swift in Sources */ = {isa = PBXBuildFile; fileRef = A2000017 /* KrediHesaplamaView.swift */; };
		A1000018 /* TuketiciKredisiView.swift in Sources */ = {isa = PBXBuildFile; fileRef = A2000018 /* TuketiciKredisiView.swift */; };
		A1000019 /* KonutKredisiView.swift in Sources */ = {isa = PBXBuildFile; fileRef = A2000019 /* KonutKredisiView.swift */; };
		A1000020 /* KrediPdfOlusturucu.swift in Sources */ = {isa = PBXBuildFile; fileRef = A2000020 /* KrediPdfOlusturucu.swift */; };
		A1000021 /* TasitKredisiView.swift in Sources */ = {isa = PBXBuildFile; fileRef = A2000021 /* TasitKredisiView.swift */; };
		A1000022 /* CloudKitSync.swift in Sources */ = {isa = PBXBuildFile; fileRef = A2000022 /* CloudKitSync.swift */; };
		A1000026 /* BudgetPdfOlusturucu.swift in Sources */ = {isa = PBXBuildFile; fileRef = A2000027 /* BudgetPdfOlusturucu.swift */; };
		A1000027 /* AppTheme.swift in Sources */ = {isa = PBXBuildFile; fileRef = A2000028 /* AppTheme.swift */; };
		A1000029 /* MevduatFaiziView.swift in Sources */ = {isa = PBXBuildFile; fileRef = A2000029 /* MevduatFaiziView.swift */; };
		A1000030 /* KrediConfigService.swift in Sources */ = {isa = PBXBuildFile; fileRef = A2000030 /* KrediConfigService.swift */; };
		A1000031 /* MevduatConfigService.swift in Sources */ = {isa = PBXBuildFile; fileRef = A2000031 /* MevduatConfigService.swift */; };
		A1000032 /* YanHakModels.swift in Sources */ = {isa = PBXBuildFile; fileRef = A2000032 /* YanHakModels.swift */; };
		A1000033 /* YanHakAnaliziView.swift in Sources */ = {isa = PBXBuildFile; fileRef = A2000033 /* YanHakAnaliziView.swift */; };
		A1000034 /* GeminiService.swift in Sources */ = {isa = PBXBuildFile; fileRef = A2000034 /* GeminiService.swift */; };
		A1000035 /* DeepSeekService.swift in Sources */ = {isa = PBXBuildFile; fileRef = A2000035 /* DeepSeekService.swift */; };
		A1000036 /* GroqService.swift in Sources */ = {isa = PBXBuildFile; fileRef = A2000036 /* GroqService.swift */; };
		A1000037 /* YanHakRaporView.swift in Sources */ = {isa = PBXBuildFile; fileRef = A2000037 /* YanHakRaporView.swift */; };
		A1000038 /* YanHakKayitStore.swift in Sources */ = {isa = PBXBuildFile; fileRef = A2000038 /* YanHakKayitStore.swift */; };
		A1000039 /* CVModel.swift in Sources */ = {isa = PBXBuildFile; fileRef = A2000039 /* CVModel.swift */; };
		A1000040 /* CVOlusturView.swift in Sources */ = {isa = PBXBuildFile; fileRef = A2000040 /* CVOlusturView.swift */; };
		A1000041 /* CVTemplateView.swift in Sources */ = {isa = PBXBuildFile; fileRef = A2000041 /* CVTemplateView.swift */; };
		A1000042 /* JobOfferDashboardView.swift in Sources */ = {isa = PBXBuildFile; fileRef = A2000042 /* JobOfferDashboardView.swift */; };
		A1000043 /* MonthlySalaryProjectionChart.swift in Sources */ = {isa = PBXBuildFile; fileRef = A2000043 /* MonthlySalaryProjectionChart.swift */; };
/* End PBXBuildFile section */

/* Begin PBXFileReference section */
		A2000001 /* FinansApp.swift */ = {isa = PBXFileReference; lastKnownFileType = sourcecode.swift; path = FinansApp.swift; sourceTree = "<group>"; };
		A2000002 /* ContentView.swift */ = {isa = PBXFileReference; lastKnownFileType = sourcecode.swift; path = ContentView.swift; sourceTree = "<group>"; };
		A2000003 /* TransactionModels.swift */ = {isa = PBXFileReference; lastKnownFileType = sourcecode.swift; path = TransactionModels.swift; sourceTree = "<group>"; };
		A2000004 /* DataManager.swift */ = {isa = PBXFileReference; lastKnownFileType = sourcecode.swift; path = DataManager.swift; sourceTree = "<group>"; };
		A2000005 /* BudgetView.swift */ = {isa = PBXFileReference; lastKnownFileType = sourcecode.swift; path = BudgetView.swift; sourceTree = "<group>"; };
		A2000006 /* AddIncomeView.swift */ = {isa = PBXFileReference; lastKnownFileType = sourcecode.swift; path = AddIncomeView.swift; sourceTree = "<group>"; };
		A2000007 /* AddExpenseView.swift */ = {isa = PBXFileReference; lastKnownFileType = sourcecode.swift; path = AddExpenseView.swift; sourceTree = "<group>"; };
		A2000008 /* Assets.xcassets */ = {isa = PBXFileReference; lastKnownFileType = folder.assetcatalog; path = Assets.xcassets; sourceTree = "<group>"; };
		A2000009 /* AssetModels.swift */ = {isa = PBXFileReference; lastKnownFileType = sourcecode.swift; path = AssetModels.swift; sourceTree = "<group>"; };
		A2000010 /* PortfolioView.swift */ = {isa = PBXFileReference; lastKnownFileType = sourcecode.swift; path = PortfolioView.swift; sourceTree = "<group>"; };
		A2000011 /* AddAssetView.swift */ = {isa = PBXFileReference; lastKnownFileType = sourcecode.swift; path = AddAssetView.swift; sourceTree = "<group>"; };
		A2000012 /* EditAssetView.swift */ = {isa = PBXFileReference; lastKnownFileType = sourcecode.swift; path = EditAssetView.swift; sourceTree = "<group>"; };
		A2000013 /* BrutNetModels.swift */ = {isa = PBXFileReference; lastKnownFileType = sourcecode.swift; path = BrutNetModels.swift; sourceTree = "<group>"; };
		A2000014 /* BrutNetCalculator.swift */ = {isa = PBXFileReference; lastKnownFileType = sourcecode.swift; path = BrutNetCalculator.swift; sourceTree = "<group>"; };
		A2000015 /* BrutNetView.swift */ = {isa = PBXFileReference; lastKnownFileType = sourcecode.swift; path = BrutNetView.swift; sourceTree = "<group>"; };
		A2000016 /* KrediCalculator.swift */ = {isa = PBXFileReference; lastKnownFileType = sourcecode.swift; path = KrediCalculator.swift; sourceTree = "<group>"; };
		A2000017 /* KrediHesaplamaView.swift */ = {isa = PBXFileReference; lastKnownFileType = sourcecode.swift; path = KrediHesaplamaView.swift; sourceTree = "<group>"; };
		A2000018 /* TuketiciKredisiView.swift */ = {isa = PBXFileReference; lastKnownFileType = sourcecode.swift; path = TuketiciKredisiView.swift; sourceTree = "<group>"; };
		A2000019 /* KonutKredisiView.swift */ = {isa = PBXFileReference; lastKnownFileType = sourcecode.swift; path = KonutKredisiView.swift; sourceTree = "<group>"; };
		A2000020 /* KrediPdfOlusturucu.swift */ = {isa = PBXFileReference; lastKnownFileType = sourcecode.swift; path = KrediPdfOlusturucu.swift; sourceTree = "<group>"; };
		A2000021 /* TasitKredisiView.swift */ = {isa = PBXFileReference; lastKnownFileType = sourcecode.swift; path = TasitKredisiView.swift; sourceTree = "<group>"; };
		A2000022 /* CloudKitSync.swift */ = {isa = PBXFileReference; lastKnownFileType = sourcecode.swift; path = CloudKitSync.swift; sourceTree = "<group>"; };
		A2000023 /* Finans.entitlements */ = {isa = PBXFileReference; lastKnownFileType = text.plist.entitlements; path = Finans.entitlements; sourceTree = "<group>"; };
		A2000027 /* BudgetPdfOlusturucu.swift */ = {isa = PBXFileReference; lastKnownFileType = sourcecode.swift; path = BudgetPdfOlusturucu.swift; sourceTree = "<group>"; };
		A2000028 /* AppTheme.swift */ = {isa = PBXFileReference; lastKnownFileType = sourcecode.swift; path = AppTheme.swift; sourceTree = "<group>"; };
		A2000029 /* MevduatFaiziView.swift */ = {isa = PBXFileReference; lastKnownFileType = sourcecode.swift; path = MevduatFaiziView.swift; sourceTree = "<group>"; };
		A2000030 /* KrediConfigService.swift */ = {isa = PBXFileReference; lastKnownFileType = sourcecode.swift; path = KrediConfigService.swift; sourceTree = "<group>"; };
		A2000031 /* MevduatConfigService.swift */ = {isa = PBXFileReference; lastKnownFileType = sourcecode.swift; path = MevduatConfigService.swift; sourceTree = "<group>"; };
		A2000032 /* YanHakModels.swift */ = {isa = PBXFileReference; lastKnownFileType = sourcecode.swift; path = YanHakModels.swift; sourceTree = "<group>"; };
		A2000033 /* YanHakAnaliziView.swift */ = {isa = PBXFileReference; lastKnownFileType = sourcecode.swift; path = YanHakAnaliziView.swift; sourceTree = "<group>"; };
		A2000034 /* GeminiService.swift */ = {isa = PBXFileReference; lastKnownFileType = sourcecode.swift; path = GeminiService.swift; sourceTree = "<group>"; };
		A2000035 /* DeepSeekService.swift */ = {isa = PBXFileReference; lastKnownFileType = sourcecode.swift; path = DeepSeekService.swift; sourceTree = "<group>"; };
		A2000036 /* GroqService.swift */ = {isa = PBXFileReference; lastKnownFileType = sourcecode.swift; path = GroqService.swift; sourceTree = "<group>"; };
		A2000037 /* YanHakRaporView.swift */ = {isa = PBXFileReference; lastKnownFileType = sourcecode.swift; path = YanHakRaporView.swift; sourceTree = "<group>"; };
		A2000038 /* YanHakKayitStore.swift */ = {isa = PBXFileReference; lastKnownFileType = sourcecode.swift; path = YanHakKayitStore.swift; sourceTree = "<group>"; };
		A2000039 /* CVModel.swift */ = {isa = PBXFileReference; lastKnownFileType = sourcecode.swift; path = CVModel.swift; sourceTree = "<group>"; };
		A2000040 /* CVOlusturView.swift */ = {isa = PBXFileReference; lastKnownFileType = sourcecode.swift; path = CVOlusturView.swift; sourceTree = "<group>"; };
		A2000041 /* CVTemplateView.swift */ = {isa = PBXFileReference; lastKnownFileType = sourcecode.swift; path = CVTemplateView.swift; sourceTree = "<group>"; };
		A2000042 /* JobOfferDashboardView.swift */ = {isa = PBXFileReference; lastKnownFileType = sourcecode.swift; path = JobOfferDashboardView.swift; sourceTree = "<group>"; };
		A2000043 /* MonthlySalaryProjectionChart.swift */ = {isa = PBXFileReference; lastKnownFileType = sourcecode.swift; path = MonthlySalaryProjectionChart.swift; sourceTree = "<group>"; };
		A3000001 /* Finans.app */ = {isa = PBXFileReference; explicitFileType = wrapper.application; includeInIndex = 0; path = Finans.app; sourceTree = BUILT_PRODUCTS_DIR; };
/* End PBXFileReference section */

/* Begin PBXFrameworksBuildPhase section */
		A4000001 /* Frameworks */ = {
			isa = PBXFrameworksBuildPhase;
			buildActionMask = 2147483647;
			files = (
			);
			runOnlyForDeploymentPostprocessing = 0;
		};
/* End PBXFrameworksBuildPhase section */

/* Begin PBXGroup section */
		A5000001 = {
			isa = PBXGroup;
			children = (
				A5000002 /* Finans/Finans */,
				A5000003 /* Products */,
			);
			sourceTree = "<group>";
		};
		A5000002 /* Finans/Finans */ = {
			isa = PBXGroup;
			children = (
				A2000001 /* FinansApp.swift */,
				A2000002 /* ContentView.swift */,
				A2000023 /* Finans.entitlements */,
				A5000004 /* Models */,
				A5000006 /* Services */,
				A5000005 /* Views */,
				A2000008 /* Assets.xcassets */,
			);
			path = Finans/Finans;
			sourceTree = "<group>";
		};
		A5000006 /* Services */ = {
			isa = PBXGroup;
			children = (
				A2000030 /* KrediConfigService.swift */,
				A2000031 /* MevduatConfigService.swift */,
				A2000034 /* GeminiService.swift */,
				A2000035 /* DeepSeekService.swift */,
				A2000036 /* GroqService.swift */,
				A2000038 /* YanHakKayitStore.swift */,
			);
			path = Services;
			sourceTree = "<group>";
		};
		A5000003 /* Products */ = {
			isa = PBXGroup;
			children = (
				A3000001 /* Finans.app */,
			);
			name = Products;
			sourceTree = "<group>";
		};
		A5000004 /* Models */ = {
			isa = PBXGroup;
			children = (
				A2000003 /* TransactionModels.swift */,
				A2000004 /* DataManager.swift */,
				A2000009 /* AssetModels.swift */,
				A2000013 /* BrutNetModels.swift */,
				A2000014 /* BrutNetCalculator.swift */,
				A2000016 /* KrediCalculator.swift */,
				A2000020 /* KrediPdfOlusturucu.swift */,
				A2000022 /* CloudKitSync.swift */,
				A2000027 /* BudgetPdfOlusturucu.swift */,
				A2000028 /* AppTheme.swift */,
				A2000032 /* YanHakModels.swift */,
				A2000039 /* CVModel.swift */,
			);
			path = Models;
			sourceTree = "<group>";
		};
		A5000005 /* Views */ = {
			isa = PBXGroup;
			children = (
				A2000005 /* BudgetView.swift */,
				A2000006 /* AddIncomeView.swift */,
				A2000007 /* AddExpenseView.swift */,
				A2000010 /* PortfolioView.swift */,
				A2000011 /* AddAssetView.swift */,
				A2000012 /* EditAssetView.swift */,
				A2000015 /* BrutNetView.swift */,
				A2000017 /* KrediHesaplamaView.swift */,
				A2000018 /* TuketiciKredisiView.swift */,
				A2000019 /* KonutKredisiView.swift */,
				A2000021 /* TasitKredisiView.swift */,
				A2000029 /* MevduatFaiziView.swift */,
				A2000033 /* YanHakAnaliziView.swift */,
				A2000037 /* YanHakRaporView.swift */,
				A2000043 /* MonthlySalaryProjectionChart.swift */,
				A2000040 /* CVOlusturView.swift */,
				A2000041 /* CVTemplateView.swift */,
				A2000042 /* JobOfferDashboardView.swift */,
			);
			path = Views;
			sourceTree = "<group>";
		};
/* End PBXGroup section */

/* Begin PBXNativeTarget section */
		A6000001 /* Finans */ = {
			isa = PBXNativeTarget;
			buildConfigurationList = A7000003 /* Build configuration list for PBXNativeTarget "Finans" */;
			buildPhases = (
				A6000002 /* Sources */,
				A4000001 /* Frameworks */,
				A6000003 /* Resources */,
			);
			buildRules = (
			);
			dependencies = (
			);
			name = Finans;
			productName = Finans;
			productReference = A3000001 /* Finans.app */;
			productType = "com.apple.product-type.application";
		};
/* End PBXNativeTarget section */

/* Begin PBXProject section */
		A8000001 /* Project object */ = {
			isa = PBXProject;
			attributes = {
				BuildIndependentTargetsInParallel = 1;
				LastSwiftUpdateCheck = 1500;
				LastUpgradeCheck = 2640;
				TargetAttributes = {
					A6000001 = {
						CreatedOnToolsVersion = 15.0;
					};
				};
			};
			buildConfigurationList = A7000001 /* Build configuration list for PBXProject "Finans" */;
			compatibilityVersion = "Xcode 14.0";
			developmentRegion = tr;
			hasScannedForEncodings = 0;
			knownRegions = (
				en,
				Base,
				tr,
			);
			mainGroup = A5000001;
			productRefGroup = A5000003 /* Products */;
			projectDirPath = "";
			projectRoot = "";
			targets = (
				A6000001 /* Finans */,
			);
		};
/* End PBXProject section */

/* Begin PBXResourcesBuildPhase section */
		A6000003 /* Resources */ = {
			isa = PBXResourcesBuildPhase;
			buildActionMask = 2147483647;
			files = (
				A1000008 /* Assets.xcassets in Resources */,
			);
			runOnlyForDeploymentPostprocessing = 0;
		};
/* End PBXResourcesBuildPhase section */

/* Begin PBXSourcesBuildPhase section */
		A6000002 /* Sources */ = {
			isa = PBXSourcesBuildPhase;
			buildActionMask = 2147483647;
			files = (
				A1000001 /* FinansApp.swift in Sources */,
				A1000002 /* ContentView.swift in Sources */,
				A1000003 /* TransactionModels.swift in Sources */,
				A1000004 /* DataManager.swift in Sources */,
				A1000005 /* BudgetView.swift in Sources */,
				A1000006 /* AddIncomeView.swift in Sources */,
				A1000007 /* AddExpenseView.swift in Sources */,
				A1000009 /* AssetModels.swift in Sources */,
				A1000010 /* PortfolioView.swift in Sources */,
				A1000011 /* AddAssetView.swift in Sources */,
				A1000012 /* EditAssetView.swift in Sources */,
				A1000013 /* BrutNetModels.swift in Sources */,
				A1000014 /* BrutNetCalculator.swift in Sources */,
				A1000015 /* BrutNetView.swift in Sources */,
				A1000016 /* KrediCalculator.swift in Sources */,
				A1000017 /* KrediHesaplamaView.swift in Sources */,
				A1000018 /* TuketiciKredisiView.swift in Sources */,
				A1000019 /* KonutKredisiView.swift in Sources */,
				A1000021 /* TasitKredisiView.swift in Sources */,
				A1000020 /* KrediPdfOlusturucu.swift in Sources */,
				A1000022 /* CloudKitSync.swift in Sources */,
				A1000026 /* BudgetPdfOlusturucu.swift in Sources */,
				A1000027 /* AppTheme.swift in Sources */,
				A1000029 /* MevduatFaiziView.swift in Sources */,
				A1000030 /* KrediConfigService.swift in Sources */,
				A1000031 /* MevduatConfigService.swift in Sources */,
				A1000032 /* YanHakModels.swift in Sources */,
				A1000033 /* YanHakAnaliziView.swift in Sources */,
				A1000034 /* GeminiService.swift in Sources */,
				A1000035 /* DeepSeekService.swift in Sources */,
				A1000036 /* GroqService.swift in Sources */,
				A1000037 /* YanHakRaporView.swift in Sources */,
				A1000038 /* YanHakKayitStore.swift in Sources */,
				A1000039 /* CVModel.swift in Sources */,
				A1000040 /* CVOlusturView.swift in Sources */,
				A1000041 /* CVTemplateView.swift in Sources */,
				A1000042 /* JobOfferDashboardView.swift in Sources */,
				A1000043 /* MonthlySalaryProjectionChart.swift in Sources */,
			);
			runOnlyForDeploymentPostprocessing = 0;
		};
/* End PBXSourcesBuildPhase section */

/* Begin XCBuildConfiguration section */
		A9000001 /* Debug */ = {
			isa = XCBuildConfiguration;
			buildSettings = {
				ALWAYS_SEARCH_USER_PATHS = NO;
				ASSETCATALOG_COMPILER_GENERATE_SWIFT_ASSET_SYMBOL_EXTENSIONS = YES;
				CLANG_ANALYZER_LOCALIZABILITY_NONLOCALIZED = YES;
				CLANG_ANALYZER_NONNULL = YES;
				CLANG_ANALYZER_NUMBER_OBJECT_CONVERSION = YES_AGGRESSIVE;
				CLANG_CXX_LANGUAGE_STANDARD = "gnu++20";
				CLANG_ENABLE_MODULES = YES;
				CLANG_ENABLE_OBJC_ARC = YES;
				CLANG_ENABLE_OBJC_WEAK = YES;
				CLANG_WARN_BLOCK_CAPTURE_AUTORELEASING = YES;
				CLANG_WARN_BOOL_CONVERSION = YES;
				CLANG_WARN_COMMA = YES;
				CLANG_WARN_CONSTANT_CONVERSION = YES;
				CLANG_WARN_DEPRECATED_OBJC_IMPLEMENTATIONS = YES;
				CLANG_WARN_DIRECT_OBJC_ISA_USAGE = YES_ERROR;
				CLANG_WARN_DOCUMENTATION_COMMENTS = YES;
				CLANG_WARN_EMPTY_BODY = YES;
				CLANG_WARN_ENUM_CONVERSION = YES;
				CLANG_WARN_INFINITE_RECURSION = YES;
				CLANG_WARN_INT_CONVERSION = YES;
				CLANG_WARN_NON_LITERAL_NULL_CONVERSION = YES;
				CLANG_WARN_OBJC_IMPLICIT_RETAIN_SELF = YES;
				CLANG_WARN_OBJC_LITERAL_CONVERSION = YES;
				CLANG_WARN_OBJC_ROOT_CLASS = YES_ERROR;
				CLANG_WARN_QUOTED_INCLUDE_IN_FRAMEWORK_HEADER = YES;
				CLANG_WARN_RANGE_LOOP_ANALYSIS = YES;
				CLANG_WARN_STRICT_PROTOTYPES = YES;
				CLANG_WARN_SUSPICIOUS_MOVE = YES;
				CLANG_WARN_UNGUARDED_AVAILABILITY = YES_AGGRESSIVE;
				CLANG_WARN_UNREACHABLE_CODE = YES;
				CLANG_WARN__DUPLICATE_METHOD_MATCH = YES;
				COPY_PHASE_STRIP = NO;
				DEAD_CODE_STRIPPING = YES;
				DEBUG_INFORMATION_FORMAT = dwarf;
				DEVELOPMENT_TEAM = 8T6WU7ZL7A;
				ENABLE_STRICT_OBJC_MSGSEND = YES;
				ENABLE_TESTABILITY = YES;
				ENABLE_USER_SCRIPT_SANDBOXING = YES;
				GCC_C_LANGUAGE_STANDARD = gnu17;
				GCC_DYNAMIC_NO_PIC = NO;
				GCC_NO_COMMON_BLOCKS = YES;
				GCC_OPTIMIZATION_LEVEL = 0;
				GCC_PREPROCESSOR_DEFINITIONS = (
					"DEBUG=1",
					"$(inherited)",
				);
				GCC_WARN_64_TO_32_BIT_CONVERSION = YES;
				GCC_WARN_ABOUT_RETURN_TYPE = YES_ERROR;
				GCC_WARN_UNDECLARED_SELECTOR = YES;
				GCC_WARN_UNINITIALIZED_AUTOS = YES_AGGRESSIVE;
				GCC_WARN_UNUSED_FUNCTION = YES;
				GCC_WARN_UNUSED_VARIABLE = YES;
				LOCALIZATION_PREFERS_STRING_CATALOGS = YES;
				MTL_ENABLE_DEBUG_INFO = INCLUDE_SOURCE;
				MTL_FAST_MATH = YES;
				ONLY_ACTIVE_ARCH = YES;
				STRING_CATALOG_GENERATE_SYMBOLS = YES;
				SWIFT_ACTIVE_COMPILATION_CONDITIONS = "DEBUG $(inherited)";
				SWIFT_OPTIMIZATION_LEVEL = "-Onone";
			};
			name = Debug;
		};
		A9000002 /* Release */ = {
			isa = XCBuildConfiguration;
			buildSettings = {
				ALWAYS_SEARCH_USER_PATHS = NO;
				ASSETCATALOG_COMPILER_GENERATE_SWIFT_ASSET_SYMBOL_EXTENSIONS = YES;
				CLANG_ANALYZER_LOCALIZABILITY_NONLOCALIZED = YES;
				CLANG_ANALYZER_NONNULL = YES;
				CLANG_ANALYZER_NUMBER_OBJECT_CONVERSION = YES_AGGRESSIVE;
				CLANG_CXX_LANGUAGE_STANDARD = "gnu++20";
				CLANG_ENABLE_MODULES = YES;
				CLANG_ENABLE_OBJC_ARC = YES;
				CLANG_ENABLE_OBJC_WEAK = YES;
				CLANG_WARN_BLOCK_CAPTURE_AUTORELEASING = YES;
				CLANG_WARN_BOOL_CONVERSION = YES;
				CLANG_WARN_COMMA = YES;
				CLANG_WARN_CONSTANT_CONVERSION = YES;
				CLANG_WARN_DEPRECATED_OBJC_IMPLEMENTATIONS = YES;
				CLANG_WARN_DIRECT_OBJC_ISA_USAGE = YES_ERROR;
				CLANG_WARN_DOCUMENTATION_COMMENTS = YES;
				CLANG_WARN_EMPTY_BODY = YES;
				CLANG_WARN_ENUM_CONVERSION = YES;
				CLANG_WARN_INFINITE_RECURSION = YES;
				CLANG_WARN_INT_CONVERSION = YES;
				CLANG_WARN_NON_LITERAL_NULL_CONVERSION = YES;
				CLANG_WARN_OBJC_IMPLICIT_RETAIN_SELF = YES;
				CLANG_WARN_OBJC_LITERAL_CONVERSION = YES;
				CLANG_WARN_OBJC_ROOT_CLASS = YES_ERROR;
				CLANG_WARN_QUOTED_INCLUDE_IN_FRAMEWORK_HEADER = YES;
				CLANG_WARN_RANGE_LOOP_ANALYSIS = YES;
				CLANG_WARN_STRICT_PROTOTYPES = YES;
				CLANG_WARN_SUSPICIOUS_MOVE = YES;
				CLANG_WARN_UNGUARDED_AVAILABILITY = YES_AGGRESSIVE;
				CLANG_WARN_UNREACHABLE_CODE = YES;
				CLANG_WARN__DUPLICATE_METHOD_MATCH = YES;
				COPY_PHASE_STRIP = NO;
				DEAD_CODE_STRIPPING = YES;
				DEBUG_INFORMATION_FORMAT = "dwarf-with-dsym";
				DEVELOPMENT_TEAM = 8T6WU7ZL7A;
				ENABLE_NS_ASSERTIONS = NO;
				ENABLE_STRICT_OBJC_MSGSEND = YES;
				ENABLE_USER_SCRIPT_SANDBOXING = YES;
				GCC_C_LANGUAGE_STANDARD = gnu17;
				GCC_NO_COMMON_BLOCKS = YES;
				GCC_WARN_64_TO_32_BIT_CONVERSION = YES;
				GCC_WARN_ABOUT_RETURN_TYPE = YES_ERROR;
				GCC_WARN_UNDECLARED_SELECTOR = YES;
				GCC_WARN_UNINITIALIZED_AUTOS = YES_AGGRESSIVE;
				GCC_WARN_UNUSED_FUNCTION = YES;
				GCC_WARN_UNUSED_VARIABLE = YES;
				LOCALIZATION_PREFERS_STRING_CATALOGS = YES;
				MTL_ENABLE_DEBUG_INFO = NO;
				MTL_FAST_MATH = YES;
				STRING_CATALOG_GENERATE_SYMBOLS = YES;
				SWIFT_COMPILATION_MODE = wholemodule;
			};
			name = Release;
		};
		A9000003 /* Debug */ = {
			isa = XCBuildConfiguration;
			buildSettings = {
				ASSETCATALOG_COMPILER_APPICON_NAME = AppIcon;
				ASSETCATALOG_COMPILER_GLOBAL_ACCENT_COLOR_NAME = AccentColor;
				CODE_SIGN_ENTITLEMENTS = Finans/Finans/Finans.entitlements;
				CODE_SIGN_STYLE = Automatic;
				CURRENT_PROJECT_VERSION = 1;
				DEAD_CODE_STRIPPING = YES;
				DEVELOPMENT_ASSET_PATHS = "";
				ENABLE_PREVIEWS = YES;
				GENERATE_INFOPLIST_FILE = YES;
				INFOPLIST_KEY_CFBundleDisplayName = Finans;
				INFOPLIST_KEY_UIApplicationSceneManifest_Generation = YES;
				INFOPLIST_KEY_UIApplicationSupportsIndirectInputEvents = YES;
				INFOPLIST_KEY_UILaunchScreen_Generation = YES;
				INFOPLIST_KEY_UISupportedInterfaceOrientations_iPad = "UIInterfaceOrientationPortrait UIInterfaceOrientationPortraitUpsideDown UIInterfaceOrientationLandscapeLeft UIInterfaceOrientationLandscapeRight";
				INFOPLIST_KEY_UISupportedInterfaceOrientations_iPhone = "UIInterfaceOrientationPortrait UIInterfaceOrientationLandscapeLeft UIInterfaceOrientationLandscapeRight";
				IPHONEOS_DEPLOYMENT_TARGET = 17.0;
				LD_RUNPATH_SEARCH_PATHS = (
					"$(inherited)",
					"@executable_path/Frameworks",
				);
				MARKETING_VERSION = 1.0;
				PRODUCT_BUNDLE_IDENTIFIER = com.finans.app;
				PRODUCT_NAME = "$(TARGET_NAME)";
				SUPPORTED_PLATFORMS = "iphoneos iphonesimulator";
				SUPPORTS_MACCATALYST = NO;
				SWIFT_EMIT_LOC_STRINGS = YES;
				SWIFT_STRICT_CONCURRENCY = minimal;
				SWIFT_VERSION = 5.0;
				TARGETED_DEVICE_FAMILY = 1;
			};
			name = Debug;
		};
		A9000004 /* Release */ = {
			isa = XCBuildConfiguration;
			buildSettings = {
				ASSETCATALOG_COMPILER_APPICON_NAME = AppIcon;
				ASSETCATALOG_COMPILER_GLOBAL_ACCENT_COLOR_NAME = AccentColor;
				CODE_SIGN_ENTITLEMENTS = Finans/Finans/Finans.entitlements;
				CODE_SIGN_STYLE = Automatic;
				CURRENT_PROJECT_VERSION = 1;
				DEAD_CODE_STRIPPING = YES;
				DEVELOPMENT_ASSET_PATHS = "";
				ENABLE_PREVIEWS = YES;
				GENERATE_INFOPLIST_FILE = YES;
				INFOPLIST_KEY_CFBundleDisplayName = Finans;
				INFOPLIST_KEY_UIApplicationSceneManifest_Generation = YES;
				INFOPLIST_KEY_UIApplicationSupportsIndirectInputEvents = YES;
				INFOPLIST_KEY_UILaunchScreen_Generation = YES;
				INFOPLIST_KEY_UISupportedInterfaceOrientations_iPad = "UIInterfaceOrientationPortrait UIInterfaceOrientationPortraitUpsideDown UIInterfaceOrientationLandscapeLeft UIInterfaceOrientationLandscapeRight";
				INFOPLIST_KEY_UISupportedInterfaceOrientations_iPhone = "UIInterfaceOrientationPortrait UIInterfaceOrientationLandscapeLeft UIInterfaceOrientationLandscapeRight";
				IPHONEOS_DEPLOYMENT_TARGET = 17.0;
				LD_RUNPATH_SEARCH_PATHS = (
					"$(inherited)",
					"@executable_path/Frameworks",
				);
				MARKETING_VERSION = 1.0;
				PRODUCT_BUNDLE_IDENTIFIER = com.finans.app;
				PRODUCT_NAME = "$(TARGET_NAME)";
				SUPPORTED_PLATFORMS = "iphoneos iphonesimulator";
				SUPPORTS_MACCATALYST = NO;
				SWIFT_EMIT_LOC_STRINGS = YES;
				SWIFT_STRICT_CONCURRENCY = minimal;
				SWIFT_VERSION = 5.0;
				TARGETED_DEVICE_FAMILY = 1;
			};
			name = Release;
		};
/* End XCBuildConfiguration section */

/* Begin XCConfigurationList section */
		A7000001 /* Build configuration list for PBXProject "Finans" */ = {
			isa = XCConfigurationList;
			buildConfigurations = (
				A9000001 /* Debug */,
				A9000002 /* Release */,
			);
			defaultConfigurationIsVisible = 0;
			defaultConfigurationName = Release;
		};
		A7000003 /* Build configuration list for PBXNativeTarget "Finans" */ = {
			isa = XCConfigurationList;
			buildConfigurations = (
				A9000003 /* Debug */,
				A9000004 /* Release */,
			);
			defaultConfigurationIsVisible = 0;
			defaultConfigurationName = Release;
		};
/* End XCConfigurationList section */
	};
	rootObject = A8000001 /* Project object */;
}
